
Microsoft Visual Studio Solution File, Format Version 12.00
# Visual Studio Version 17
VisualStudioVersion = 17.11.35327.3
MinimumVisualStudioVersion = 10.0.40219.1
Project("{FAE04EC0-301F-11D3-BF4B-00C04F79EFBC}") = "google mail", "google mail\google mail.csproj", "{0BC3BCE0-EF9D-435A-A8BC-61FB85F06F30}"
EndProject
Global
	GlobalSection(SolutionConfigurationPlatforms) = preSolution
		Debug|Any CPU = Debug|Any CPU
		Release|Any CPU = Release|Any CPU
	EndGlobalSection
	GlobalSection(ProjectConfigurationPlatforms) = postSolution
		{0BC3BCE0-EF9D-435A-A8BC-61FB85F06F30}.Debug|Any CPU.ActiveCfg = Debug|Any CPU
		{0BC3BCE0-EF9D-435A-A8BC-61FB85F06F30}.Debug|Any CPU.Build.0 = Debug|Any CPU
		{0BC3BCE0-EF9D-435A-A8BC-61FB85F06F30}.Release|Any CPU.ActiveCfg = Release|Any CPU
		{0BC3BCE0-EF9D-435A-A8BC-61FB85F06F30}.Release|Any CPU.Build.0 = Release|Any CPU
	EndGlobalSection
	GlobalSection(SolutionProperties) = preSolution
		HideSolutionNode = FALSE
	EndGlobalSection
	GlobalSection(ExtensibilityGlobals) = postSolution
		SolutionGuid = {67BAC3A8-DE70-46E1-9E30-AE74CE496F5B}
	EndGlobalSection
EndGlobal
